
Microsoft Visual Studio Solution File, Format Version 12.00
# Visual Studio 15
VisualStudioVersion = 15.0.28307.960
MinimumVisualStudioVersion = 10.0.40219.1
Project("{888888A0-9F3D-457C-B088-3A5042F75D52}") = "caja_registradora", "caja_registradora\caja_registradora.pyproj", "{0ACC390F-3950-4F79-A043-92FDD7EF0F21}"
EndProject
Global
	GlobalSection(SolutionConfigurationPlatforms) = preSolution
		Debug|Any CPU = Debug|Any CPU
		Release|Any CPU = Release|Any CPU
	EndGlobalSection
	GlobalSection(ProjectConfigurationPlatforms) = postSolution
		{0ACC390F-3950-4F79-A043-92FDD7EF0F21}.Debug|Any CPU.ActiveCfg = Debug|Any CPU
		{0ACC390F-3950-4F79-A043-92FDD7EF0F21}.Release|Any CPU.ActiveCfg = Release|Any CPU
	EndGlobalSection
	GlobalSection(SolutionProperties) = preSolution
		HideSolutionNode = FALSE
	EndGlobalSection
	GlobalSection(ExtensibilityGlobals) = postSolution
		SolutionGuid = {0A221E4D-AE31-4D80-BE50-C67575830909}
	EndGlobalSection
EndGlobal
